<?xml version="1.0" encoding="utf-8"?>
<Project ToolsVersion="4.0" xmlns="http://schemas.microsoft.com/developer/msbuild/2003">
  <ItemGroup>
    <Filter Include="Source Files">
      <UniqueIdentifier>{4FC737F1-C7A5-4376-A066-2A32D752A2FF}</UniqueIdentifier>
      <Extensions>cpp;c;cc;cxx;c++;cppm;ixx;def;odl;idl;hpj;bat;asm;asmx</Extensions>
    </Filter>
    <Filter Include="Header Files">
      <UniqueIdentifier>{93995380-89BD-4b04-88EB-625FBE52EBFB}</UniqueIdentifier>
      <Extensions>h;hh;hpp;hxx;h++;hm;inl;inc;ipp;xsd</Extensions>
    </Filter>
    <Filter Include="Resource Files">
      <UniqueIdentifier>{67DA6AB6-F800-4c08-8B7A-83BB121AAD01}</UniqueIdentifier>
      <Extensions>rc;ico;cur;bmp;dlg;rc2;rct;bin;rgs;gif;jpg;jpeg;jpe;resx;tiff;tif;png;wav;mfcribbon-ms</Extensions>
    </Filter>
  </ItemGroup>
  <ItemGroup>
    <ClCompile Include="CarShowroom2.cpp">
      <Filter>Source Files</Filter>
    </ClCompile>
    <ClCompile Include="Graphics\Camera.cpp">
      <Filter>Source Files</Filter>
    </ClCompile>
    <ClCompile Include="World\Building.cpp">
      <Filter>Source Files</Filter>
    </ClCompile>
    <ClCompile Include="World\Tree.cpp">
      <Filter>Source Files</Filter>
    </ClCompile>
    <ClCompile Include="World\Road.cpp">
      <Filter>Source Files</Filter>
    </ClCompile>
    <ClCompile Include="World\Footpath.cpp">
      <Filter>Source Files</Filter>
    </ClCompile>
    <ClCompile Include="World\Environment.cpp">
      <Filter>Source Files</Filter>
    </ClCompile>
    <ClCompile Include="Scene\IntroScene.cpp">
      <Filter>Source Files</Filter>
    </ClCompile>
    <ClCompile Include="Graphics\Texture.cpp">
      <Filter>Source Files</Filter>
    </ClCompile>
    <ClCompile Include="Graphics\Renderer.cpp">
      <Filter>Source Files</Filter>
    </ClCompile>
    <ClCompile Include="World\Arch.cpp">
      <Filter>Source Files</Filter>
    </ClCompile>
    <ClCompile Include="World\Skydome.cpp">
      <Filter>Source Files</Filter>
    </ClCompile>
    <ClCompile Include="World\Bush.cpp">
      <Filter>Source Files</Filter>
    </ClCompile>
    <ClCompile Include="World\Showroom.cpp">
      <Filter>Source Files</Filter>
    </ClCompile>
    <ClCompile Include="Scene\Room.cpp">
      <Filter>Source Files</Filter>
    </ClCompile>
    <ClCompile Include="Scene\Rooms\SportCarRoom.cpp">
      <Filter>Source Files</Filter>
    </ClCompile>
    <ClCompile Include="Scene\Rooms\FamilyCarRoom.cpp">
      <Filter>Source Files</Filter>
    </ClCompile>
    <ClCompile Include="Scene\Rooms\ClassicCarRoom.cpp">
      <Filter>Source Files</Filter>
    </ClCompile>
    <ClCompile Include="Scene\Rooms\SUVCarRoom.cpp">
      <Filter>Source Files</Filter>
    </ClCompile>
    <ClCompile Include="Scene\CarModel.cpp">
      <Filter>Source Files</Filter>
    </ClCompile>
  </ItemGroup>
  <ItemGroup>
    <ClInclude Include="Math\Vector3.h">
      <Filter>Source Files</Filter>
    </ClInclude>
    <ClInclude Include="Graphics\Renderer.h">
      <Filter>Source Files</Filter>
    </ClInclude>
    <ClInclude Include="Graphics\Camera.h">
      <Filter>Header Files</Filter>
    </ClInclude>
    <ClInclude Include="World\Building.h">
      <Filter>Header Files</Filter>
    </ClInclude>
    <ClInclude Include="World\Tree.h">
      <Filter>Header Files</Filter>
    </ClInclude>
    <ClInclude Include="World\Road.h">
      <Filter>Header Files</Filter>
    </ClInclude>
    <ClInclude Include="World\Footpath.h">
      <Filter>Header Files</Filter>
    </ClInclude>
    <ClInclude Include="World\Environment.h">
      <Filter>Header Files</Filter>
    </ClInclude>
    <ClInclude Include="Scene\Scene.h">
      <Filter>Source Files</Filter>
    </ClInclude>
    <ClInclude Include="Scene\IntroScene.h">
      <Filter>Header Files</Filter>
    </ClInclude>
    <ClInclude Include="Graphics\Texture.h">
      <Filter>Header Files</Filter>
    </ClInclude>
    <ClInclude Include="World\Arch.h">
      <Filter>Header Files</Filter>
    </ClInclude>
    <ClInclude Include="World\Skydome.h">
      <Filter>Header Files</Filter>
    </ClInclude>
    <ClInclude Include="World\Bush.h">
      <Filter>Header Files</Filter>
    </ClInclude>
    <ClInclude Include="World\Showroom.h">
      <Filter>Header Files</Filter>
    </ClInclude>
    <ClInclude Include="Scene\Room.h">
      <Filter>Header Files</Filter>
    </ClInclude>
    <ClInclude Include="Scene\Rooms\SportCarRoom.h">
      <Filter>Header Files</Filter>
    </ClInclude>
    <ClInclude Include="Scene\Rooms\FamilyCarRoom.h">
      <Filter>Header Files</Filter>
    </ClInclude>
    <ClInclude Include="Scene\Rooms\ClassicCarRoom.h">
      <Filter>Header Files</Filter>
    </ClInclude>
    <ClInclude Include="Scene\Rooms\SUVCarRoom.h">
      <Filter>Header Files</Filter>
    </ClInclude>
    <ClInclude Include="Scene\CarModel.h">
      <Filter>Header Files</Filter>
    </ClInclude>
  </ItemGroup>
</Project>